{
  "name": "expo-comm",
  "version": "1.0.0",
  "lockfileVersion": 3,
  "requires": true,
  "packages": {
    "": {
      "name": "expo-comm",
      "version": "1.0.0",
      "license": "ISC",
      "dependencies": {
        "@tanstack/react-query": "^5.90.13"
      },
      "engines": {
        "node": ">=20.0.0"
      }
    },
    "node_modules/@tanstack/query-core": {
      "version": "5.90.13",
      "resolved": "https://registry.npmjs.org/@tanstack/query-core/-/query-core-5.90.13.tgz",
      "integrity": "sha512-3VzxSkv4ojPPHu0WfOwZ/W5CuN7evAXPzQS+Py2glGxk59Wp+k2T/wgRfrgXAcX1kCTvD9RYUcVEHkMXkEN5jw==",
      "license": "MIT",
      "funding": {
        "type": "github",
        "url": "https://github.com/sponsors/tannerlinsley"
      }
    },
    "node_modules/@tanstack/react-query": {
      "version": "5.90.13",
      "resolved": "https://registry.npmjs.org/@tanstack/react-query/-/react-query-5.90.13.tgz",
      "integrity": "sha512-i6DY9wnghE0ghHJfDrnnFNatn4CNBzMZv4xPzKB7Lb9zMAoImAxPKoGK9gLOm79aopDa07p6ytlFFWotvwj3DQ==",
      "license": "MIT",
      "dependencies": {
        "@tanstack/query-core": "5.90.13"
      },
      "funding": {
        "type": "github",
        "url": "https://github.com/sponsors/tannerlinsley"
      },
      "peerDependencies": {
        "react": "^18 || ^19"
      }
    },
    "node_modules/react": {
      "version": "19.2.3",
      "resolved": "https://registry.npmjs.org/react/-/react-19.2.3.tgz",
      "integrity": "sha512-Ku/hhYbVjOQnXDZFv2+RibmLFGwFdeeKHFcOTlrt7xplBnya5OGn/hIRDsqDiSUcfORsDC7MPxwork8jBwsIWA==",
      "license": "MIT",
      "peer": true,
      "engines": {
        "node": ">=0.10.0"
      }
    }
  }
}
